// !$*UTF8*$!
{
	archiveVersion = 1;
	classes = {
	};
	objectVersion = 46;
	objects = {

/* Begin PBXBuildFile section */
		7F8656E61E79D97000FDBFF8 /* AppDelegate.swift in Sources */ = {isa = PBXBuildFile; fileRef = 7F8656E51E79D97000FDBFF8 /* AppDelegate.swift */; };
		7F8656E81E79D97000FDBFF8 /* ViewController.swift in Sources */ = {isa = PBXBuildFile; fileRef = 7F8656E71E79D97000FDBFF8 /* ViewController.swift */; };
		7F8656EB1E79D97000FDBFF8 /* Main.storyboard in Resources */ = {isa = PBXBuildFile; fileRef = 7F8656E91E79D97000FDBFF8 /* Main.storyboard */; };
		7F8656ED1E79D97000FDBFF8 /* Assets.xcassets in Resources */ = {isa = PBXBuildFile; fileRef = 7F8656EC1E79D97000FDBFF8 /* Assets.xcassets */; };
		7F8656F01E79D97000FDBFF8 /* LaunchScreen.storyboard in Resources */ = {isa = PBXBuildFile; fileRef = 7F8656EE1E79D97000FDBFF8 /* LaunchScreen.storyboard */; };
		7F8656F81E79D99D00FDBFF8 /* TableViewController.swift in Sources */ = {isa = PBXBuildFile; fileRef = 7F8656F71E79D99D00FDBFF8 /* TableViewController.swift */; };
/* End PBXBuildFile section */

/* Begin PBXFileReference section */
		7F8656E21E79D97000FDBFF8 /* TabbleView.app */ = {isa = PBXFileReference; explicitFileType = wrapper.application; includeInIndex = 0; path = TabbleView.app; sourceTree = BUILT_PRODUCTS_DIR; };
		7F8656E51E79D97000FDBFF8 /* AppDelegate.swift */ = {isa = PBXFileReference; lastKnownFileType = sourcecode.swift; path = AppDelegate.swift; sourceTree = "<group>"; };
		7F8656E71E79D97000FDBFF8 /* ViewController.swift */ = {isa = PBXFileReference; lastKnownFileType = sourcecode.swift; path = ViewController.swift; sourceTree = "<group>"; };
		7F8656EA1E79D97000FDBFF8 /* Base */ = {isa = PBXFileReference; lastKnownFileType = file.storyboard; name = Base; path = Base.lproj/Main.storyboard; sourceTree = "<group>"; };
		7F8656EC1E79D97000FDBFF8 /* Assets.xcassets */ = {isa = PBXFileReference; lastKnownFileType = folder.assetcatalog; path = Assets.xcassets; sourceTree = "<group>"; };
		7F8656EF1E79D97000FDBFF8 /* Base */ = {isa = PBXFileReference; lastKnownFileType = file.storyboard; name = Base; path = Base.lproj/LaunchScreen.storyboard; sourceTree = "<group>"; };
		7F8656F11E79D97000FDBFF8 /* Info.plist */ = {isa = PBXFileReference; lastKnownFileType = text.plist.xml; path = Info.plist; sourceTree = "<group>"; };
		7F8656F71E79D99D00FDBFF8 /* TableViewController.swift */ = {isa = PBXFileReference; fileEncoding = 4; lastKnownFileType = sourcecode.swift; path = TableViewController.swift; sourceTree = "<group>"; };
/* End PBXFileReference section */

/* Begin PBXFrameworksBuildPhase section */
		7F8656DF1E79D97000FDBFF8 /* Frameworks */ = {
			isa = PBXFrameworksBuildPhase;
			buildActionMask = 2147483647;
			files = (
			);
			runOnlyForDeploymentPostprocessing = 0;
		};
/* End PBXFrameworksBuildPhase section */

/* Begin PBXGroup section */
		7F8656D91E79D97000FDBFF8 = {
			isa = PBXGroup;
			children = (
				7F8656E41E79D97000FDBFF8 /* TabbleView */,
				7F8656E31E79D97000FDBFF8 /* Products */,
			);
			sourceTree = "<group>";
		};
		7F8656E31E79D97000FDBFF8 /* Products */ = {
			isa = PBXGroup;
			children = (
				7F8656E21E79D97000FDBFF8 /* TabbleView.app */,
			);
			name = Products;
			sourceTree = "<group>";
		};
		7F8656E41E79D97000FDBFF8 /* TabbleView */ = {
			isa = PBXGroup;
			children = (
				7F8656E51E79D97000FDBFF8 /* AppDelegate.swift */,
				7F8656E71E79D97000FDBFF8 /* ViewController.swift */,
				7F8656F71E79D99D00FDBFF8 /* TableViewController.swift */,
				7F8656E91E79D97000FDBFF8 /* Main.storyboard */,
				7F8656EC1E79D97000FDBFF8 /* Assets.xcassets */,
				7F8656EE1E79D97000FDBFF8 /* LaunchScreen.storyboard */,
				7F8656F11E79D97000FDBFF8 /* Info.plist */,
			);
			path = TabbleView;
			sourceTree = "<group>";
		};
/* End PBXGroup section */

/* Begin PBXNativeTarget section */
		7F8656E11E79D97000FDBFF8 /* TabbleView */ = {
			isa = PBXNativeTarget;
			buildConfigurationList = 7F8656F41E79D97000FDBFF8 /* Build configuration list for PBXNativeTarget "TabbleView" */;
			buildPhases = (
				7F8656DE1E79D97000FDBFF8 /* Sources */,
				7F8656DF1E79D97000FDBFF8 /* Frameworks */,
				7F8656E01E79D97000FDBFF8 /* Resources */,
			);
			buildRules = (
			);
			dependencies = (
			);
			name = TabbleView;
			productName = TabbleView;
			productReference = 7F8656E21E79D97000FDBFF8 /* TabbleView.app */;
			productType = "com.apple.product-type.application";
		};
/* End PBXNativeTarget section */

/* Begin PBXProject section */
		7F8656DA1E79D97000FDBFF8 /* Project object */ = {
			isa = PBXProject;
			attributes = {
				LastSwiftUpdateCheck = 0820;
				LastUpgradeCheck = 0820;
				ORGANIZATIONNAME = Kelvin;
				TargetAttributes = {
					7F8656E11E79D97000FDBFF8 = {
						CreatedOnToolsVersion = 8.2.1;
						DevelopmentTeam = M7UE9XQX9P;
						ProvisioningStyle = Automatic;
					};
				};
			};
			buildConfigurationList = 7F8656DD1E79D97000FDBFF8 /* Build configuration list for PBXProject "TabbleView" */;
			compatibilityVersion = "Xcode 3.2";
			developmentRegion = English;
			hasScannedForEncodings = 0;
			knownRegions = (
				en,
				Base,
			);
			mainGroup = 7F8656D91E79D97000FDBFF8;
			productRefGroup = 7F8656E31E79D97000FDBFF8 /* Products */;
			projectDirPath = "";
			projectRoot = "";
			targets = (
				7F8656E11E79D97000FDBFF8 /* TabbleView */,
			);
		};
/* End PBXProject section */

/* Begin PBXResourcesBuildPhase section */
		7F8656E01E79D97000FDBFF8 /* Resources */ = {
			isa = PBXResourcesBuildPhase;
			buildActionMask = 2147483647;
			files = (
				7F8656F01E79D97000FDBFF8 /* LaunchScreen.storyboard in Resources */,
				7F8656ED1E79D97000FDBFF8 /* Assets.xcassets in Resources */,
				7F8656EB1E79D97000FDBFF8 /* Main.storyboard in Resources */,
			);
			runOnlyForDeploymentPostprocessing = 0;
		};
/* End PBXResourcesBuildPhase section */

/* Begin PBXSourcesBuildPhase section */
		7F8656DE1E79D97000FDBFF8 /* Sources */ = {
			isa = PBXSourcesBuildPhase;
			buildActionMask = 2147483647;
			files = (
				7F8656E81E79D97000FDBFF8 /* ViewController.swift in Sources */,
				7F8656F81E79D99D00FDBFF8 /* TableViewController.swift in Sources */,
				7F8656E61E79D97000FDBFF8 /* AppDelegate.swift in Sources */,
			);
			runOnlyForDeploymentPostprocessing = 0;
		};
/* End PBXSourcesBuildPhase section */

/* Begin PBXVariantGroup section */
		7F8656E91E79D97000FDBFF8 /* Main.storyboard */ = {
			isa = PBXVariantGroup;
			children = (
				7F8656EA1E79D97000FDBFF8 /* Base */,
			);
			name = Main.storyboard;
			sourceTree = "<group>";
		};
		7F8656EE1E79D97000FDBFF8 /* LaunchScreen.storyboard */ = {
			isa = PBXVariantGroup;
			children = (
				7F8656EF1E79D97000FDBFF8 /* Base */,
			);
			name = LaunchScreen.storyboard;
			sourceTree = "<group>";
		};
/* End PBXVariantGroup section */

/* Begin XCBuildConfiguration section */
		7F8656F21E79D97000FDBFF8 /* Debug */ = {
			isa = XCBuildConfiguration;
			buildSettings = {
				ALWAYS_SEARCH_USER_PATHS = NO;
				CLANG_ANALYZER_NONNULL = YES;
				CLANG_CXX_LANGUAGE_STANDARD = "gnu++0x";
				CLANG_CXX_LIBRARY = "libc++";
				CLANG_ENABLE_MODULES = YES;
				CLANG_ENABLE_OBJC_ARC = YES;
				CLANG_WARN_BOOL_CONVERSION = YES;
				CLANG_WARN_CONSTANT_CONVERSION = YES;
				CLANG_WARN_DIRECT_OBJC_ISA_USAGE = YES_ERROR;
				CLANG_WARN_DOCUMENTATION_COMMENTS = YES;
				CLANG_WARN_EMPTY_BODY = YES;
				CLANG_WARN_ENUM_CONVERSION = YES;
				CLANG_WARN_INFINITE_RECURSION = YES;
				CLANG_WARN_INT_CONVERSION = YES;
				CLANG_WARN_OBJC_ROOT_CLASS = YES_ERROR;
				CLANG_WARN_SUSPICIOUS_MOVE = YES;
				CLANG_WARN_UNREACHABLE_CODE = YES;
				CLANG_WARN__DUPLICATE_METHOD_MATCH = YES;
				"CODE_SIGN_IDENTITY[sdk=iphoneos*]" = "iPhone Developer";
				COPY_PHASE_STRIP = NO;
				DEBUG_INFORMATION_FORMAT = dwarf;
				ENABLE_STRICT_OBJC_MSGSEND = YES;
				ENABLE_TESTABILITY = YES;
				GCC_C_LANGUAGE_STANDARD = gnu99;
				GCC_DYNAMIC_NO_PIC = NO;
				GCC_NO_COMMON_BLOCKS = YES;
				GCC_OPTIMIZATION_LEVEL = 0;
				GCC_PREPROCESSOR_DEFINITIONS = (
					"DEBUG=1",
					"$(inherited)",
				);
				GCC_WARN_64_TO_32_BIT_CONVERSION = YES;
				GCC_WARN_ABOUT_RETURN_TYPE = YES_ERROR;
				GCC_WARN_UNDECLARED_SELECTOR = YES;
				GCC_WARN_UNINITIALIZED_AUTOS = YES_AGGRESSIVE;
				GCC_WARN_UNUSED_FUNCTION = YES;
				GCC_WARN_UNUSED_VARIABLE = YES;
				IPHONEOS_DEPLOYMENT_TARGET = 10.2;
				MTL_ENABLE_DEBUG_INFO = YES;
				ONLY_ACTIVE_ARCH = YES;
				SDKROOT = iphoneos;
				SWIFT_ACTIVE_COMPILATION_CONDITIONS = DEBUG;
				SWIFT_OPTIMIZATION_LEVEL = "-Onone";
			};
			name = Debug;
		};
		7F8656F31E79D97000FDBFF8 /* Release */ = {
			isa = XCBuildConfiguration;
			buildSettings = {
				ALWAYS_SEARCH_USER_PATHS = NO;
				CLANG_ANALYZER_NONNULL = YES;
				CLANG_CXX_LANGUAGE_STANDARD = "gnu++0x";
				CLANG_CXX_LIBRARY = "libc++";
				CLANG_ENABLE_MODULES = YES;
				CLANG_ENABLE_OBJC_ARC = YES;
				CLANG_WARN_BOOL_CONVERSION = YES;
				CLANG_WARN_CONSTANT_CONVERSION = YES;
				CLANG_WARN_DIRECT_OBJC_ISA_USAGE = YES_ERROR;
				CLANG_WARN_DOCUMENTATION_COMMENTS = YES;
				CLANG_WARN_EMPTY_BODY = YES;
				CLANG_WARN_ENUM_CONVERSION = YES;
				CLANG_WARN_INFINITE_RECURSION = YES;
				CLANG_WARN_INT_CONVERSION = YES;
				CLANG_WARN_OBJC_ROOT_CLASS = YES_ERROR;
				CLANG_WARN_SUSPICIOUS_MOVE = YES;
				CLANG_WARN_UNREACHABLE_CODE = YES;
				CLANG_WARN__DUPLICATE_METHOD_MATCH = YES;
				"CODE_SIGN_IDENTITY[sdk=iphoneos*]" = "iPhone Developer";
				COPY_PHASE_STRIP = NO;
				DEBUG_INFORMATION_FORMAT = "dwarf-with-dsym";
				ENABLE_NS_ASSERTIONS = NO;
				ENABLE_STRICT_OBJC_MSGSEND = YES;
				GCC_C_LANGUAGE_STANDARD = gnu99;
				GCC_NO_COMMON_BLOCKS = YES;
				GCC_WARN_64_TO_32_BIT_CONVERSION = YES;
				GCC_WARN_ABOUT_RETURN_TYPE = YES_ERROR;
				GCC_WARN_UNDECLARED_SELECTOR = YES;
				GCC_WARN_UNINITIALIZED_AUTOS = YES_AGGRESSIVE;
				GCC_WARN_UNUSED_FUNCTION = YES;
				GCC_WARN_UNUSED_VARIABLE = YES;
				IPHONEOS_DEPLOYMENT_TARGET = 10.2;
				MTL_ENABLE_DEBUG_INFO = NO;
				SDKROOT = iphoneos;
				SWIFT_OPTIMIZATION_LEVEL = "-Owholemodule";
				VALIDATE_PRODUCT = YES;
			};
			name = Release;
		};
		7F8656F51E79D97000FDBFF8 /* Debug */ = {
			isa = XCBuildConfiguration;
			buildSettings = {
				ASSETCATALOG_COMPILER_APPICON_NAME = AppIcon;
				DEVELOPMENT_TEAM = M7UE9XQX9P;
				INFOPLIST_FILE = TabbleView/Info.plist;
				LD_RUNPATH_SEARCH_PATHS = "$(inherited) @executable_path/Frameworks";
				PRODUCT_BUNDLE_IDENTIFIER = com.thekelvintan.TabbleView;
				PRODUCT_NAME = "$(TARGET_NAME)";
				SWIFT_VERSION = 3.0;
			};
			name = Debug;
		};
		7F8656F61E79D97000FDBFF8 /* Release */ = {
			isa = XCBuildConfiguration;
			buildSettings = {
				ASSETCATALOG_COMPILER_APPICON_NAME = AppIcon;
				DEVELOPMENT_TEAM = M7UE9XQX9P;
				INFOPLIST_FILE = TabbleView/Info.plist;
				LD_RUNPATH_SEARCH_PATHS = "$(inherited) @executable_path/Frameworks";
				PRODUCT_BUNDLE_IDENTIFIER = com.thekelvintan.TabbleView;
				PRODUCT_NAME = "$(TARGET_NAME)";
				SWIFT_VERSION = 3.0;
			};
			name = Release;
		};
/* End XCBuildConfiguration section */

/* Begin XCConfigurationList section */
		7F8656DD1E79D97000FDBFF8 /* Build configuration list for PBXProject "TabbleView" */ = {
			isa = XCConfigurationList;
			buildConfigurations = (
				7F8656F21E79D97000FDBFF8 /* Debug */,
				7F8656F31E79D97000FDBFF8 /* Release */,
			);
			defaultConfigurationIsVisible = 0;
			defaultConfigurationName = Release;
		};
		7F8656F41E79D97000FDBFF8 /* Build configuration list for PBXNativeTarget "TabbleView" */ = {
			isa = XCConfigurationList;
			buildConfigurations = (
				7F8656F51E79D97000FDBFF8 /* Debug */,
				7F8656F61E79D97000FDBFF8 /* Release */,
			);
			defaultConfigurationIsVisible = 0;
		};
/* End XCConfigurationList section */
	};
	rootObject = 7F8656DA1E79D97000FDBFF8 /* Project object */;
}
